
Microsoft Visual Studio Solution File, Format Version 12.00
# Visual Studio Version 16
VisualStudioVersion = 16.0.32002.261
MinimumVisualStudioVersion = 10.0.40219.1
Project("{FAE04EC0-301F-11D3-BF4B-00C04F79EFBC}") = "Licitacija", "Licitacija\Licitacija.csproj", "{48A42B7E-A0BD-4D22-B4ED-352FBC8698AA}"
EndProject
Global
	GlobalSection(SolutionConfigurationPlatforms) = preSolution
		Debug|Any CPU = Debug|Any CPU
		Release|Any CPU = Release|Any CPU
	EndGlobalSection
	GlobalSection(ProjectConfigurationPlatforms) = postSolution
		{48A42B7E-A0BD-4D22-B4ED-352FBC8698AA}.Debug|Any CPU.ActiveCfg = Debug|Any CPU
		{48A42B7E-A0BD-4D22-B4ED-352FBC8698AA}.Debug|Any CPU.Build.0 = Debug|Any CPU
		{48A42B7E-A0BD-4D22-B4ED-352FBC8698AA}.Release|Any CPU.ActiveCfg = Release|Any CPU
		{48A42B7E-A0BD-4D22-B4ED-352FBC8698AA}.Release|Any CPU.Build.0 = Release|Any CPU
	EndGlobalSection
	GlobalSection(SolutionProperties) = preSolution
		HideSolutionNode = FALSE
	EndGlobalSection
	GlobalSection(ExtensibilityGlobals) = postSolution
		SolutionGuid = {497C4776-31CE-40D8-B38C-80B296181EDD}
	EndGlobalSection
EndGlobal
